{
  "name": "@imooc-cli-dev-myf/exec",
  "version": "1.0.0",
  "lockfileVersion": 1,
  "requires": true,
  "dependencies": {
    "@imooc-cli-dev-myf/package": {
      "version": "file:../../models/package",
      "requires": {
        "@imooc-cli-dev-myf/utils": "file:../../utils/utils"
      },
      "dependencies": {
        "@imooc-cli-dev-myf/utils": {
          "version": "file:../../utils/utils"
        }
      }
    }
  }
}
